{
  "name": "app",
  "version": "1.0.50",
  "lockfileVersion": 3,
  "requires": true,
  "packages": {
    "": {
      "name": "app",
      "version": "1.0.50",
      "dependencies": {
        "@elysiajs/swagger": "^0.7.2",
        "chalk": "^5.3.0",
        "elysia": "latest"
      },
      "devDependencies": {
        "bun-types": "latest"
      }
    },
    "node_modules/@elysiajs/swagger": {
      "version": "0.7.3",
      "resolved": "https://registry.npmjs.org/@elysiajs/swagger/-/swagger-0.7.3.tgz",
      "integrity": "sha512-HOLhoFgJOse9XvtkydlOIYEo+ezLD5syhUYnjEbd8uhGV+rmGfGPjVmQ5adG5NWWTNVuhqEDY5bSoirW4k5lQg==",
      "dependencies": {
        "@types/lodash.clonedeep": "^4.5.7",
        "@types/swagger-ui": "^3.52.2",
        "lodash.clonedeep": "^4.5.0",
        "openapi-types": "^12.1.3"
      },
      "peerDependencies": {
        "elysia": ">= 0.7.0"
      }
    },
    "node_modules/@sinclair/typebox": {
      "version": "0.31.15",
      "license": "MIT"
    },
    "node_modules/@types/lodash": {
      "version": "4.14.199",
      "resolved": "https://registry.npmjs.org/@types/lodash/-/lodash-4.14.199.tgz",
      "integrity": "sha512-Vrjz5N5Ia4SEzWWgIVwnHNEnb1UE1XMkvY5DGXrAeOGE9imk0hgTHh5GyDjLDJi9OTCn9oo9dXH1uToK1VRfrg=="
    },
    "node_modules/@types/lodash.clonedeep": {
      "version": "4.5.7",
      "resolved": "https://registry.npmjs.org/@types/lodash.clonedeep/-/lodash.clonedeep-4.5.7.tgz",
      "integrity": "sha512-ccNqkPptFIXrpVqUECi60/DFxjNKsfoQxSQsgcBJCX/fuX1wgyQieojkcWH/KpE3xzLoWN/2k+ZeGqIN3paSvw==",
      "dependencies": {
        "@types/lodash": "*"
      }
    },
    "node_modules/@types/swagger-ui": {
      "version": "3.52.2",
      "resolved": "https://registry.npmjs.org/@types/swagger-ui/-/swagger-ui-3.52.2.tgz",
      "integrity": "sha512-F1oq26vgAfdSEdQ8BTjPKNIFZw5aoKO9Y5ZnNEqcgLVRE3b0yTbDqIgNm+rtcLCH8ELmKI+wZFHNj2P3BYHHFQ=="
    },
    "node_modules/bun-types": {
      "version": "1.0.2",
      "resolved": "https://registry.npmjs.org/bun-types/-/bun-types-1.0.2.tgz",
      "integrity": "sha512-yqBp2SX9cqr5/GReb56uCfM+YP+Hntx3XPjbqX1VJXqOBu+Yqw8iWRFLKFIsz9uEfykLgflhramQ8a5Jgo+Tlg==",
      "dev": true
    },
    "node_modules/chalk": {
      "version": "5.3.0",
      "resolved": "https://registry.npmjs.org/chalk/-/chalk-5.3.0.tgz",
      "integrity": "sha512-dLitG79d+GV1Nb/VYcCDFivJeK1hiukt9QjRNVOsUtTy1rR1YJsmpGGTZ3qJos+uw7WmWF4wUwBd9jxjocFC2w==",
      "engines": {
        "node": "^12.17.0 || ^14.13 || >=16.0.0"
      },
      "funding": {
        "url": "https://github.com/chalk/chalk?sponsor=1"
      }
    },
    "node_modules/cookie": {
      "version": "0.5.0",
      "license": "MIT",
      "engines": {
        "node": ">= 0.6"
      }
    },
    "node_modules/cookie-signature": {
      "version": "1.2.1",
      "license": "MIT",
      "engines": {
        "node": ">=6.6.0"
      }
    },
    "node_modules/elysia": {
      "version": "0.7.6",
      "resolved": "https://registry.npmjs.org/elysia/-/elysia-0.7.6.tgz",
      "integrity": "sha512-l6pCa6vTkhJuKGmVD+9XFT6oUR5jiz0YhBAIVQaUI+Lu+BhOVpNJbu4AtCheogXm+eCsQ1D9Ud6YneNn9V5fuA==",
      "dependencies": {
        "@sinclair/typebox": "^0.31.15",
        "cookie": "^0.5.0",
        "cookie-signature": "^1.2.1",
        "eventemitter3": "^5.0.1",
        "fast-querystring": "^1.1.2",
        "memoirist": "0.1.4",
        "openapi-types": "^12.1.3"
      },
      "peerDependencies": {
        "@sinclair/typebox": ">= 0.28.10",
        "openapi-types": ">= 12.0.0",
        "typescript": ">= 5.0.0"
      },
      "peerDependenciesMeta": {
        "@sinclair/typebox": {
          "optional": true
        },
        "openapi-types": {
          "optional": true
        },
        "typescript": {
          "optional": true
        }
      }
    },
    "node_modules/eventemitter3": {
      "version": "5.0.1",
      "license": "MIT"
    },
    "node_modules/fast-decode-uri-component": {
      "version": "1.0.1",
      "license": "MIT"
    },
    "node_modules/fast-querystring": {
      "version": "1.1.2",
      "license": "MIT",
      "dependencies": {
        "fast-decode-uri-component": "^1.0.1"
      }
    },
    "node_modules/lodash.clonedeep": {
      "version": "4.5.0",
      "resolved": "https://registry.npmjs.org/lodash.clonedeep/-/lodash.clonedeep-4.5.0.tgz",
      "integrity": "sha512-H5ZhCF25riFd9uB5UCkVKo61m3S/xZk1x4wA6yp/L3RFP6Z/eHH1ymQcGLo7J3GMPfm0V/7m1tryHuGVxpqEBQ=="
    },
    "node_modules/memoirist": {
      "version": "0.1.4",
      "license": "MIT"
    },
    "node_modules/openapi-types": {
      "version": "12.1.3",
      "license": "MIT"
    }
  }
}
